// !$*UTF8*$!
{
	archiveVersion = 1;
	classes = {
	};
	objectVersion = 46;
	objects = {

/* Begin PBXFileReference section */
		4755B336153D5E3400DCCE18 /* main.c */ = {isa = PBXFileReference; lastKnownFileType = sourcecode.c.c; path = main.c; sourceTree = "<group>"; };
		4755B337153D5E3400DCCE18 /* Makefile */ = {isa = PBXFileReference; lastKnownFileType = sourcecode.make; path = Makefile; sourceTree = "<group>"; };
		4755B346153D693000DCCE18 /* main.h */ = {isa = PBXFileReference; lastKnownFileType = sourcecode.c.h; path = main.h; sourceTree = "<group>"; };
/* End PBXFileReference section */

/* Begin PBXGroup section */
		4755B32B153D5E3400DCCE18 = {
			isa = PBXGroup;
			children = (
				4755B335153D5E3400DCCE18 /* wifitest */,
			);
			sourceTree = "<group>";
		};
		4755B335153D5E3400DCCE18 /* wifitest */ = {
			isa = PBXGroup;
			children = (
				4755B346153D693000DCCE18 /* main.h */,
				4755B336153D5E3400DCCE18 /* main.c */,
				4755B337153D5E3400DCCE18 /* Makefile */,
			);
			path = wifitest;
			sourceTree = "<group>";
		};
/* End PBXGroup section */

/* Begin PBXLegacyTarget section */
		4755B332153D5E3400DCCE18 /* build */ = {
			isa = PBXLegacyTarget;
			buildArgumentsString = "all -C $(PROJECT)";
			buildConfigurationList = 4755B33A153D5E3400DCCE18 /* Build configuration list for PBXLegacyTarget "build" */;
			buildPhases = (
			);
			buildToolPath = make;
			dependencies = (
			);
			name = build;
			passBuildSettingsInEnvironment = 1;
			productName = build;
		};
		4755B333153D5E3400DCCE18 /* fuse */ = {
			isa = PBXLegacyTarget;
			buildArgumentsString = "fuse -C $(PROJECT)";
			buildConfigurationList = 4755B33D153D5E3400DCCE18 /* Build configuration list for PBXLegacyTarget "fuse" */;
			buildPhases = (
			);
			buildToolPath = /usr/bin/make;
			dependencies = (
			);
			name = fuse;
			passBuildSettingsInEnvironment = 1;
			productName = fuse;
		};
		4755B334153D5E3400DCCE18 /* flash */ = {
			isa = PBXLegacyTarget;
			buildArgumentsString = "flash -C $(PROJECT)";
			buildConfigurationList = 4755B340153D5E3400DCCE18 /* Build configuration list for PBXLegacyTarget "flash" */;
			buildPhases = (
			);
			buildToolPath = /usr/bin/make;
			dependencies = (
			);
			name = flash;
			passBuildSettingsInEnvironment = 1;
			productName = flash;
		};
/* End PBXLegacyTarget section */

/* Begin PBXProject section */
		4755B32D153D5E3400DCCE18 /* Project object */ = {
			isa = PBXProject;
			attributes = {
				LastUpgradeCheck = 0430;
				ORGANIZATIONNAME = "Greener Pastures";
			};
			buildConfigurationList = 4755B330153D5E3400DCCE18 /* Build configuration list for PBXProject "wifitest" */;
			compatibilityVersion = "Xcode 3.2";
			developmentRegion = English;
			hasScannedForEncodings = 0;
			knownRegions = (
				en,
			);
			mainGroup = 4755B32B153D5E3400DCCE18;
			projectDirPath = "";
			projectRoot = "";
			targets = (
				4755B332153D5E3400DCCE18 /* build */,
				4755B333153D5E3400DCCE18 /* fuse */,
				4755B334153D5E3400DCCE18 /* flash */,
			);
		};
/* End PBXProject section */

/* Begin XCBuildConfiguration section */
		4755B338153D5E3400DCCE18 /* Debug */ = {
			isa = XCBuildConfiguration;
			buildSettings = {
				ALWAYS_SEARCH_USER_PATHS = NO;
				COPY_PHASE_STRIP = NO;
				GCC_C_LANGUAGE_STANDARD = gnu99;
				GCC_DYNAMIC_NO_PIC = NO;
				GCC_OPTIMIZATION_LEVEL = 0;
				GCC_PREPROCESSOR_DEFINITIONS = (
					"DEBUG=1",
					"$(inherited)",
				);
				GCC_SYMBOLS_PRIVATE_EXTERN = NO;
				GCC_WARN_ABOUT_RETURN_TYPE = YES;
				GCC_WARN_UNINITIALIZED_AUTOS = YES;
				GCC_WARN_UNUSED_VARIABLE = YES;
				OTHER_CFLAGS = "";
				OTHER_LDFLAGS = "";
				PATH = "$(PATH):/usr/local/CrossPack-AVR/bin";
			};
			name = Debug;
		};
		4755B339153D5E3400DCCE18 /* Release */ = {
			isa = XCBuildConfiguration;
			buildSettings = {
				ALWAYS_SEARCH_USER_PATHS = NO;
				COPY_PHASE_STRIP = YES;
				GCC_C_LANGUAGE_STANDARD = gnu99;
				GCC_WARN_ABOUT_RETURN_TYPE = YES;
				GCC_WARN_UNINITIALIZED_AUTOS = YES;
				GCC_WARN_UNUSED_VARIABLE = YES;
				OTHER_CFLAGS = "";
				OTHER_LDFLAGS = "";
				PATH = "$(PATH):/usr/local/CrossPack-AVR/bin";
			};
			name = Release;
		};
		4755B33B153D5E3400DCCE18 /* Debug */ = {
			isa = XCBuildConfiguration;
			buildSettings = {
				PRODUCT_NAME = "$(TARGET_NAME)";
			};
			name = Debug;
		};
		4755B33C153D5E3400DCCE18 /* Release */ = {
			isa = XCBuildConfiguration;
			buildSettings = {
				PRODUCT_NAME = "$(TARGET_NAME)";
			};
			name = Release;
		};
		4755B33E153D5E3400DCCE18 /* Debug */ = {
			isa = XCBuildConfiguration;
			buildSettings = {
			};
			name = Debug;
		};
		4755B33F153D5E3400DCCE18 /* Release */ = {
			isa = XCBuildConfiguration;
			buildSettings = {
			};
			name = Release;
		};
		4755B341153D5E3400DCCE18 /* Debug */ = {
			isa = XCBuildConfiguration;
			buildSettings = {
			};
			name = Debug;
		};
		4755B342153D5E3400DCCE18 /* Release */ = {
			isa = XCBuildConfiguration;
			buildSettings = {
			};
			name = Release;
		};
/* End XCBuildConfiguration section */

/* Begin XCConfigurationList section */
		4755B330153D5E3400DCCE18 /* Build configuration list for PBXProject "wifitest" */ = {
			isa = XCConfigurationList;
			buildConfigurations = (
				4755B338153D5E3400DCCE18 /* Debug */,
				4755B339153D5E3400DCCE18 /* Release */,
			);
			defaultConfigurationIsVisible = 0;
			defaultConfigurationName = Release;
		};
		4755B33A153D5E3400DCCE18 /* Build configuration list for PBXLegacyTarget "build" */ = {
			isa = XCConfigurationList;
			buildConfigurations = (
				4755B33B153D5E3400DCCE18 /* Debug */,
				4755B33C153D5E3400DCCE18 /* Release */,
			);
			defaultConfigurationIsVisible = 0;
		};
		4755B33D153D5E3400DCCE18 /* Build configuration list for PBXLegacyTarget "fuse" */ = {
			isa = XCConfigurationList;
			buildConfigurations = (
				4755B33E153D5E3400DCCE18 /* Debug */,
				4755B33F153D5E3400DCCE18 /* Release */,
			);
			defaultConfigurationIsVisible = 0;
		};
		4755B340153D5E3400DCCE18 /* Build configuration list for PBXLegacyTarget "flash" */ = {
			isa = XCConfigurationList;
			buildConfigurations = (
				4755B341153D5E3400DCCE18 /* Debug */,
				4755B342153D5E3400DCCE18 /* Release */,
			);
			defaultConfigurationIsVisible = 0;
		};
/* End XCConfigurationList section */
	};
	rootObject = 4755B32D153D5E3400DCCE18 /* Project object */;
}
